
Microsoft Visual Studio Solution File, Format Version 12.00
# Visual Studio 14
VisualStudioVersion = 14.0.24720.0
MinimumVisualStudioVersion = 10.0.40219.1
Project("{FAE04EC0-301F-11D3-BF4B-00C04F79EFBC}") = "AmeCreateProject", "AmeCreateProject\AmeCreateProject.csproj", "{436A5FF1-9243-490B-96E8-160BE5E3962A}"
EndProject
Project("{FAE04EC0-301F-11D3-BF4B-00C04F79EFBC}") = "AmeWindowsService", "AmeWindowsService\AmeWindowsService.csproj", "{55D4643E-AADB-4A98-83F2-6D0B5562FE4A}"
EndProject
Project("{FAE04EC0-301F-11D3-BF4B-00C04F79EFBC}") = "AmeTests", "AmeTests\AmeTests.csproj", "{8069BB81-3570-4562-816F-B8CCFA611604}"
EndProject
Project("{FAE04EC0-301F-11D3-BF4B-00C04F79EFBC}") = "AmeCommon", "AmeCommon\AmeCommon.csproj", "{45984092-AD7D-485F-9822-350948523A4D}"
EndProject
Global
	GlobalSection(SolutionConfigurationPlatforms) = preSolution
		Debug|Any CPU = Debug|Any CPU
		Debug|ARM = Debug|ARM
		Debug|x64 = Debug|x64
		Debug|x86 = Debug|x86
		Release|Any CPU = Release|Any CPU
		Release|ARM = Release|ARM
		Release|x64 = Release|x64
		Release|x86 = Release|x86
	EndGlobalSection
	GlobalSection(ProjectConfigurationPlatforms) = postSolution
		{436A5FF1-9243-490B-96E8-160BE5E3962A}.Debug|Any CPU.ActiveCfg = Debug|Any CPU
		{436A5FF1-9243-490B-96E8-160BE5E3962A}.Debug|Any CPU.Build.0 = Debug|Any CPU
		{436A5FF1-9243-490B-96E8-160BE5E3962A}.Debug|ARM.ActiveCfg = Debug|Any CPU
		{436A5FF1-9243-490B-96E8-160BE5E3962A}.Debug|ARM.Build.0 = Debug|Any CPU
		{436A5FF1-9243-490B-96E8-160BE5E3962A}.Debug|x64.ActiveCfg = Debug|Any CPU
		{436A5FF1-9243-490B-96E8-160BE5E3962A}.Debug|x64.Build.0 = Debug|Any CPU
		{436A5FF1-9243-490B-96E8-160BE5E3962A}.Debug|x86.ActiveCfg = Debug|Any CPU
		{436A5FF1-9243-490B-96E8-160BE5E3962A}.Debug|x86.Build.0 = Debug|Any CPU
		{436A5FF1-9243-490B-96E8-160BE5E3962A}.Release|Any CPU.ActiveCfg = Release|Any CPU
		{436A5FF1-9243-490B-96E8-160BE5E3962A}.Release|Any CPU.Build.0 = Release|Any CPU
		{436A5FF1-9243-490B-96E8-160BE5E3962A}.Release|ARM.ActiveCfg = Release|Any CPU
		{436A5FF1-9243-490B-96E8-160BE5E3962A}.Release|ARM.Build.0 = Release|Any CPU
		{436A5FF1-9243-490B-96E8-160BE5E3962A}.Release|x64.ActiveCfg = Release|Any CPU
		{436A5FF1-9243-490B-96E8-160BE5E3962A}.Release|x64.Build.0 = Release|Any CPU
		{436A5FF1-9243-490B-96E8-160BE5E3962A}.Release|x86.ActiveCfg = Release|Any CPU
		{436A5FF1-9243-490B-96E8-160BE5E3962A}.Release|x86.Build.0 = Release|Any CPU
		{55D4643E-AADB-4A98-83F2-6D0B5562FE4A}.Debug|Any CPU.ActiveCfg = Debug|Any CPU
		{55D4643E-AADB-4A98-83F2-6D0B5562FE4A}.Debug|Any CPU.Build.0 = Debug|Any CPU
		{55D4643E-AADB-4A98-83F2-6D0B5562FE4A}.Debug|ARM.ActiveCfg = Debug|Any CPU
		{55D4643E-AADB-4A98-83F2-6D0B5562FE4A}.Debug|ARM.Build.0 = Debug|Any CPU
		{55D4643E-AADB-4A98-83F2-6D0B5562FE4A}.Debug|x64.ActiveCfg = Debug|Any CPU
		{55D4643E-AADB-4A98-83F2-6D0B5562FE4A}.Debug|x64.Build.0 = Debug|Any CPU
		{55D4643E-AADB-4A98-83F2-6D0B5562FE4A}.Debug|x86.ActiveCfg = Debug|Any CPU
		{55D4643E-AADB-4A98-83F2-6D0B5562FE4A}.Debug|x86.Build.0 = Debug|Any CPU
		{55D4643E-AADB-4A98-83F2-6D0B5562FE4A}.Release|Any CPU.ActiveCfg = Release|Any CPU
		{55D4643E-AADB-4A98-83F2-6D0B5562FE4A}.Release|Any CPU.Build.0 = Release|Any CPU
		{55D4643E-AADB-4A98-83F2-6D0B5562FE4A}.Release|ARM.ActiveCfg = Release|Any CPU
		{55D4643E-AADB-4A98-83F2-6D0B5562FE4A}.Release|ARM.Build.0 = Release|Any CPU
		{55D4643E-AADB-4A98-83F2-6D0B5562FE4A}.Release|x64.ActiveCfg = Release|Any CPU
		{55D4643E-AADB-4A98-83F2-6D0B5562FE4A}.Release|x64.Build.0 = Release|Any CPU
		{55D4643E-AADB-4A98-83F2-6D0B5562FE4A}.Release|x86.ActiveCfg = Release|Any CPU
		{55D4643E-AADB-4A98-83F2-6D0B5562FE4A}.Release|x86.Build.0 = Release|Any CPU
		{8069BB81-3570-4562-816F-B8CCFA611604}.Debug|Any CPU.ActiveCfg = Debug|Any CPU
		{8069BB81-3570-4562-816F-B8CCFA611604}.Debug|Any CPU.Build.0 = Debug|Any CPU
		{8069BB81-3570-4562-816F-B8CCFA611604}.Debug|ARM.ActiveCfg = Debug|Any CPU
		{8069BB81-3570-4562-816F-B8CCFA611604}.Debug|ARM.Build.0 = Debug|Any CPU
		{8069BB81-3570-4562-816F-B8CCFA611604}.Debug|x64.ActiveCfg = Debug|Any CPU
		{8069BB81-3570-4562-816F-B8CCFA611604}.Debug|x64.Build.0 = Debug|Any CPU
		{8069BB81-3570-4562-816F-B8CCFA611604}.Debug|x86.ActiveCfg = Debug|Any CPU
		{8069BB81-3570-4562-816F-B8CCFA611604}.Debug|x86.Build.0 = Debug|Any CPU
		{8069BB81-3570-4562-816F-B8CCFA611604}.Release|Any CPU.ActiveCfg = Release|Any CPU
		{8069BB81-3570-4562-816F-B8CCFA611604}.Release|Any CPU.Build.0 = Release|Any CPU
		{8069BB81-3570-4562-816F-B8CCFA611604}.Release|ARM.ActiveCfg = Release|Any CPU
		{8069BB81-3570-4562-816F-B8CCFA611604}.Release|ARM.Build.0 = Release|Any CPU
		{8069BB81-3570-4562-816F-B8CCFA611604}.Release|x64.ActiveCfg = Release|Any CPU
		{8069BB81-3570-4562-816F-B8CCFA611604}.Release|x64.Build.0 = Release|Any CPU
		{8069BB81-3570-4562-816F-B8CCFA611604}.Release|x86.ActiveCfg = Release|Any CPU
		{8069BB81-3570-4562-816F-B8CCFA611604}.Release|x86.Build.0 = Release|Any CPU
		{45984092-AD7D-485F-9822-350948523A4D}.Debug|Any CPU.ActiveCfg = Debug|Any CPU
		{45984092-AD7D-485F-9822-350948523A4D}.Debug|Any CPU.Build.0 = Debug|Any CPU
		{45984092-AD7D-485F-9822-350948523A4D}.Debug|ARM.ActiveCfg = Debug|Any CPU
		{45984092-AD7D-485F-9822-350948523A4D}.Debug|ARM.Build.0 = Debug|Any CPU
		{45984092-AD7D-485F-9822-350948523A4D}.Debug|x64.ActiveCfg = Debug|Any CPU
		{45984092-AD7D-485F-9822-350948523A4D}.Debug|x64.Build.0 = Debug|Any CPU
		{45984092-AD7D-485F-9822-350948523A4D}.Debug|x86.ActiveCfg = Debug|Any CPU
		{45984092-AD7D-485F-9822-350948523A4D}.Debug|x86.Build.0 = Debug|Any CPU
		{45984092-AD7D-485F-9822-350948523A4D}.Release|Any CPU.ActiveCfg = Release|Any CPU
		{45984092-AD7D-485F-9822-350948523A4D}.Release|Any CPU.Build.0 = Release|Any CPU
		{45984092-AD7D-485F-9822-350948523A4D}.Release|ARM.ActiveCfg = Release|Any CPU
		{45984092-AD7D-485F-9822-350948523A4D}.Release|ARM.Build.0 = Release|Any CPU
		{45984092-AD7D-485F-9822-350948523A4D}.Release|x64.ActiveCfg = Release|Any CPU
		{45984092-AD7D-485F-9822-350948523A4D}.Release|x64.Build.0 = Release|Any CPU
		{45984092-AD7D-485F-9822-350948523A4D}.Release|x86.ActiveCfg = Release|Any CPU
		{45984092-AD7D-485F-9822-350948523A4D}.Release|x86.Build.0 = Release|Any CPU
	EndGlobalSection
	GlobalSection(SolutionProperties) = preSolution
		HideSolutionNode = FALSE
	EndGlobalSection
EndGlobal
